{
  "object": {
    "pins": [
      {
        "package": "TelegramBotSDKRequestProvider",
        "repositoryURL": "https://github.com/rapierorg/telegram-bot-swift-requestprovider.git",
        "state": {
          "branch": null,
          "revision": "95623c6d8930e21469b6846132d220c25d46f24e",
          "version": "0.3.3"
        }
      }
    ]
  },
  "version": 1
}
